
Microsoft Visual Studio Solution File, Format Version 12.00
# Visual Studio Version 17
VisualStudioVersion = 17.9.34511.98
MinimumVisualStudioVersion = 10.0.40219.1
Project("{9A19103F-16F7-4668-BE54-9A1E7A4F7556}") = "PuppeteerAot", "PuppeteerSharp\PuppeteerAot.csproj", "{6C0F7A02-D251-4DAC-B1BF-1665CBE093C8}"
EndProject
Project("{9A19103F-16F7-4668-BE54-9A1E7A4F7556}") = "SampleAot", "SampleAot\SampleAot.csproj", "{A4737063-9703-4F6B-8CD3-E658CA070045}"
EndProject
Global
	GlobalSection(SolutionConfigurationPlatforms) = preSolution
		Debug|Any CPU = Debug|Any CPU
		Release|Any CPU = Release|Any CPU
	EndGlobalSection
	GlobalSection(ProjectConfigurationPlatforms) = postSolution
		{6C0F7A02-D251-4DAC-B1BF-1665CBE093C8}.Debug|Any CPU.ActiveCfg = Debug|Any CPU
		{6C0F7A02-D251-4DAC-B1BF-1665CBE093C8}.Debug|Any CPU.Build.0 = Debug|Any CPU
		{6C0F7A02-D251-4DAC-B1BF-1665CBE093C8}.Release|Any CPU.ActiveCfg = Release|Any CPU
		{6C0F7A02-D251-4DAC-B1BF-1665CBE093C8}.Release|Any CPU.Build.0 = Release|Any CPU
		{A4737063-9703-4F6B-8CD3-E658CA070045}.Debug|Any CPU.ActiveCfg = Debug|Any CPU
		{A4737063-9703-4F6B-8CD3-E658CA070045}.Debug|Any CPU.Build.0 = Debug|Any CPU
		{A4737063-9703-4F6B-8CD3-E658CA070045}.Release|Any CPU.ActiveCfg = Release|Any CPU
		{A4737063-9703-4F6B-8CD3-E658CA070045}.Release|Any CPU.Build.0 = Release|Any CPU
	EndGlobalSection
	GlobalSection(SolutionProperties) = preSolution
		HideSolutionNode = FALSE
	EndGlobalSection
	GlobalSection(ExtensibilityGlobals) = postSolution
		SolutionGuid = {7F5009CD-F856-429D-9C89-054BA4FC7923}
	EndGlobalSection
EndGlobal
