
Microsoft Visual Studio Solution File, Format Version 12.00
# Visual Studio Version 17
VisualStudioVersion = 17.9.34511.98
MinimumVisualStudioVersion = 10.0.40219.1
Project("{9A19103F-16F7-4668-BE54-9A1E7A4F7556}") = "PuppeteerAot", "PuppeteerAot\PuppeteerAot.csproj", "{D42867FB-F842-49E2-9828-6F88FCA5ED12}"
EndProject
Project("{9A19103F-16F7-4668-BE54-9A1E7A4F7556}") = "SampleAot", "SampleAot\SampleAot.csproj", "{46B4FC9B-BAB6-4CAA-A4B9-ED5C319AF10B}"
EndProject
Global
	GlobalSection(SolutionConfigurationPlatforms) = preSolution
		Debug|Any CPU = Debug|Any CPU
		Release|Any CPU = Release|Any CPU
	EndGlobalSection
	GlobalSection(ProjectConfigurationPlatforms) = postSolution
		{D42867FB-F842-49E2-9828-6F88FCA5ED12}.Debug|Any CPU.ActiveCfg = Debug|Any CPU
		{D42867FB-F842-49E2-9828-6F88FCA5ED12}.Debug|Any CPU.Build.0 = Debug|Any CPU
		{D42867FB-F842-49E2-9828-6F88FCA5ED12}.Release|Any CPU.ActiveCfg = Release|Any CPU
		{D42867FB-F842-49E2-9828-6F88FCA5ED12}.Release|Any CPU.Build.0 = Release|Any CPU
		{46B4FC9B-BAB6-4CAA-A4B9-ED5C319AF10B}.Debug|Any CPU.ActiveCfg = Debug|Any CPU
		{46B4FC9B-BAB6-4CAA-A4B9-ED5C319AF10B}.Debug|Any CPU.Build.0 = Debug|Any CPU
		{46B4FC9B-BAB6-4CAA-A4B9-ED5C319AF10B}.Release|Any CPU.ActiveCfg = Release|Any CPU
		{46B4FC9B-BAB6-4CAA-A4B9-ED5C319AF10B}.Release|Any CPU.Build.0 = Release|Any CPU
	EndGlobalSection
	GlobalSection(SolutionProperties) = preSolution
		HideSolutionNode = FALSE
	EndGlobalSection
	GlobalSection(ExtensibilityGlobals) = postSolution
		SolutionGuid = {69C4FD8C-D299-4A8D-BCAD-15FDD27DC5CF}
	EndGlobalSection
EndGlobal
